
Microsoft Visual Studio Solution File, Format Version 12.00
# Visual Studio Version 16
VisualStudioVersion = 16.0.28701.123
MinimumVisualStudioVersion = 10.0.40219.1
Project("{9A19103F-16F7-4668-BE54-9A1E7A4F7556}") = "LogViewer.Server.Tests", "LogViewer.Server.Tests\LogViewer.Server.Tests.csproj", "{9C16F2E3-5886-4895-A6C3-65A00840D51A}"
EndProject
Project("{FAE04EC0-301F-11D3-BF4B-00C04F79EFBC}") = "LogViewer.Server", "LogViewer.Server\LogViewer.Server.csproj", "{C3F86383-D548-41F5-AD5A-1ED91611048E}"
EndProject
Global
	GlobalSection(SolutionConfigurationPlatforms) = preSolution
		Debug|Any CPU = Debug|Any CPU
		Release|Any CPU = Release|Any CPU
	EndGlobalSection
	GlobalSection(ProjectConfigurationPlatforms) = postSolution
		{9C16F2E3-5886-4895-A6C3-65A00840D51A}.Debug|Any CPU.ActiveCfg = Debug|Any CPU
		{9C16F2E3-5886-4895-A6C3-65A00840D51A}.Debug|Any CPU.Build.0 = Debug|Any CPU
		{9C16F2E3-5886-4895-A6C3-65A00840D51A}.Release|Any CPU.ActiveCfg = Release|Any CPU
		{9C16F2E3-5886-4895-A6C3-65A00840D51A}.Release|Any CPU.Build.0 = Release|Any CPU
		{C3F86383-D548-41F5-AD5A-1ED91611048E}.Debug|Any CPU.ActiveCfg = Debug|Any CPU
		{C3F86383-D548-41F5-AD5A-1ED91611048E}.Debug|Any CPU.Build.0 = Debug|Any CPU
		{C3F86383-D548-41F5-AD5A-1ED91611048E}.Release|Any CPU.ActiveCfg = Release|Any CPU
		{C3F86383-D548-41F5-AD5A-1ED91611048E}.Release|Any CPU.Build.0 = Release|Any CPU
	EndGlobalSection
	GlobalSection(SolutionProperties) = preSolution
		HideSolutionNode = FALSE
	EndGlobalSection
	GlobalSection(ExtensibilityGlobals) = postSolution
		SolutionGuid = {685AF4AD-CF3F-460D-A921-F6C3B675FD42}
	EndGlobalSection
EndGlobal
