{
  "version": 1,
  "dependencies": {
    ".NETCoreApp,Version=v3.1": {
      "Serilog.Filters.Expressions": {
        "type": "Direct",
        "requested": "[2.0.0, )",
        "resolved": "2.0.0",
        "contentHash": "JhD2uV1s3ixF4L2dSB7t7jV5OKG8AEQOYtfTqSVkNm9X/g6zr1uoGH62XhDfCzEbyd5fiB9Rv4IXm+8m98Ao9Q==",
        "dependencies": {
          "NETStandard.Library": "1.6.1",
          "Serilog": "2.7.1",
          "Superpower": "2.0.0"
        }
      },
      "Serilog.Formatting.Compact.Reader": {
        "type": "Direct",
        "requested": "[1.0.3, )",
        "resolved": "1.0.3",
        "contentHash": "+zd+4q4TUtsjxj/jSMhs9cX4AnXfoMwEia4E23xRATWHaUITNi5Tv112DDLpvg4oYfKsQxnvsTTssQ8yum1i3w==",
        "dependencies": {
          "NETStandard.Library": "1.6.1",
          "Newtonsoft.Json": "9.0.1",
          "Serilog": "2.3.0"
        }
      },
      "Serilog.Sinks.File": {
        "type": "Direct",
        "requested": "[4.0.0, )",
        "resolved": "4.0.0",
        "contentHash": "vBj43RkAbeP1dzoPFR2+LfV5GevDRPDq6265JJBv223lMvT9rfdwe/S/I9ow7aZSLYKfw4qPDw6NW8YwjbDbvg==",
        "dependencies": {
          "Serilog": "2.5.0",
          "System.IO": "4.1.0",
          "System.IO.FileSystem": "4.0.1",
          "System.IO.FileSystem.Primitives": "4.0.1",
          "System.Runtime.InteropServices": "4.1.0",
          "System.Text.Encoding.Extensions": "4.0.11",
          "System.Threading": "4.0.11",
          "System.Threading.Timer": "4.0.1"
        }
      },
      "Microsoft.CSharp": {
        "type": "Transitive",
        "resolved": "4.0.1",
        "contentHash": "qlrpmuimOFnLD2oSJUrivtxOwWPvddr8Sc/iPSDIDvhuynBu+bdaQdnbuOf7kV4YKwjbBK/yy3y8cdqm0C9kVA==",
        "dependencies": {
          "System.Collections": "4.0.11",
          "System.Diagnostics.Debug": "4.0.11",
          "System.Dynamic.Runtime": "4.0.11",
          "System.Globalization": "4.0.11",
          "System.Linq": "4.1.0",
          "System.Linq.Expressions": "4.1.0",
          "System.ObjectModel": "4.0.12",
          "System.Reflection": "4.1.0",
          "System.Reflection.Extensions": "4.0.1",
          "System.Reflection.Primitives": "4.0.1",
          "System.Reflection.TypeExtensions": "4.1.0",
          "System.Resources.ResourceManager": "4.0.1",
          "System.Runtime": "4.1.0",
          "System.Runtime.Extensions": "4.1.0",
          "System.Runtime.InteropServices": "4.1.0",
          "System.Threading": "4.0.11"
        }
      },
      "Microsoft.NETCore.Platforms": {
        "type": "Transitive",
        "resolved": "1.1.0",
        "contentHash": "c0H0I4bW7yW9Oo1bBft/jNsRLYGW762dw8a4Z5AX2otZQwb94qfc15E4MhKI7e4T+wkUzGB6GMkerbxtYFBhuw=="
      },
      "Microsoft.NETCore.Targets": {
        "type": "Transitive",
        "resolved": "1.1.0",
        "contentHash": "EVEt2RZIr8wFkpj/u2EKIHYfsv7AGhCvcVlNmxHYZW+rmCyG+hYwrYbykelEw2ssP2rigtIL8FmHdf9YgOyNHQ=="
      },
      "Microsoft.Win32.Primitives": {
        "type": "Transitive",
        "resolved": "4.3.0",
        "contentHash": "WrqCTHNrcRVR0zp6w76/Ir/O0F6AWcRKmIHJkVEPKv6yA1aNoOsAN0u6nxh21m6cyIy9VmIuGYCYZGqiINPP2A==",
        "dependencies": {
          "Microsoft.NETCore.Platforms": "1.1.0",
          "Microsoft.NETCore.Targets": "1.1.0",
          "System.Runtime": "4.3.0"
        }
      },
      "NETStandard.Library": {
        "type": "Transitive",
        "resolved": "1.6.1",
        "contentHash": "VOJ/kZ13NnOWqxYy6n61Jv8eSipY63u4GZauJPOA/+DxdV4GYow/7kNwZ/5NJShA0KyM00vWfbTrxof8PLzmCQ==",
        "dependencies": {
          "Microsoft.NETCore.Platforms": "1.1.0",
          "Microsoft.Win32.Primitives": "4.3.0",
          "System.AppContext": "4.3.0",
          "System.Collections": "4.3.0",
          "System.Collections.Concurrent": "4.3.0",
          "System.Console": "4.3.0",
          "System.Diagnostics.Debug": "4.3.0",
          "System.Diagnostics.Tools": "4.3.0",
          "System.Diagnostics.Tracing": "4.3.0",
          "System.Globalization": "4.3.0",
          "System.Globalization.Calendars": "4.3.0",
          "System.IO": "4.3.0",
          "System.IO.Compression": "4.3.0",
          "System.IO.Compression.ZipFile": "4.3.0",
          "System.IO.FileSystem": "4.3.0",
          "System.IO.FileSystem.Primitives": "4.3.0",
          "System.Linq": "4.3.0",
          "System.Linq.Expressions": "4.3.0",
          "System.Net.Http": "4.3.0",
          "System.Net.Primitives": "4.3.0",
          "System.Net.Sockets": "4.3.0",
          "System.ObjectModel": "4.3.0",
          "System.Reflection": "4.3.0",
          "System.Reflection.Extensions": "4.3.0",
          "System.Reflection.Primitives": "4.3.0",
          "System.Resources.ResourceManager": "4.3.0",
          "System.Runtime": "4.3.0",
          "System.Runtime.Extensions": "4.3.0",
          "System.Runtime.Handles": "4.3.0",
          "System.Runtime.InteropServices": "4.3.0",
          "System.Runtime.InteropServices.RuntimeInformation": "4.3.0",
          "System.Runtime.Numerics": "4.3.0",
          "System.Security.Cryptography.Algorithms": "4.3.0",
          "System.Security.Cryptography.Encoding": "4.3.0",
          "System.Security.Cryptography.Primitives": "4.3.0",
          "System.Security.Cryptography.X509Certificates": "4.3.0",
          "System.Text.Encoding": "4.3.0",
          "System.Text.Encoding.Extensions": "4.3.0",
          "System.Text.RegularExpressions": "4.3.0",
          "System.Threading": "4.3.0",
          "System.Threading.Tasks": "4.3.0",
          "System.Threading.Timer": "4.3.0",
          "System.Xml.ReaderWriter": "4.3.0",
          "System.Xml.XDocument": "4.3.0"
        }
      },
      "Newtonsoft.Json": {
        "type": "Transitive",
        "resolved": "9.0.1",
        "contentHash": "U82mHQSKaIk+lpSVCbWYKNavmNH1i5xrExDEquU1i6I5pV6UMOqRnJRSlKO3cMPfcpp0RgDY+8jUXHdQ4IfXvw==",
        "dependencies": {
          "Microsoft.CSharp": "4.0.1",
          "System.Collections": "4.0.11",
          "System.Diagnostics.Debug": "4.0.11",
          "System.Dynamic.Runtime": "4.0.11",
          "System.Globalization": "4.0.11",
          "System.IO": "4.1.0",
          "System.Linq": "4.1.0",
          "System.Linq.Expressions": "4.1.0",
          "System.ObjectModel": "4.0.12",
          "System.Reflection": "4.1.0",
          "System.Reflection.Extensions": "4.0.1",
          "System.Resources.ResourceManager": "4.0.1",
          "System.Runtime": "4.1.0",
          "System.Runtime.Extensions": "4.1.0",
          "System.Runtime.Serialization.Primitives": "4.1.1",
          "System.Text.Encoding": "4.0.11",
          "System.Text.Encoding.Extensions": "4.0.11",
          "System.Text.RegularExpressions": "4.1.0",
          "System.Threading": "4.0.11",
          "System.Threading.Tasks": "4.0.11",
          "System.Xml.ReaderWriter": "4.0.11",
          "System.Xml.XDocument": "4.0.11"
        }
      },
      "runtime.debian.8-x64.runtime.native.System.Security.Cryptography.OpenSsl": {
        "type": "Transitive",
        "resolved": "4.3.0",
        "contentHash": "1J+7Q1fhCfr96VVdNo3vSWqTHvKPDyK6cFcdWbWYG/ckr5Y8N8WD1PdeidRCYwVLdX45gdhOzTEOUVPDtDmxfA=="
      },
      "runtime.fedora.23-x64.runtime.native.System.Security.Cryptography.OpenSsl": {
        "type": "Transitive",
        "resolved": "4.3.0",
        "contentHash": "rB8HiFf14A9vQpSFrDUmmYmvtnQKO05/kpbeRNHPrdEi7WUEAz3GyBAH5xzr/11PqbHinavZEJDnpXMKSwCI+A=="
      },
      "runtime.fedora.24-x64.runtime.native.System.Security.Cryptography.OpenSsl": {
        "type": "Transitive",
        "resolved": "4.3.0",
        "contentHash": "H2lPg4DCVyfNjzE3Ffu4WmRas4AxAAMgUg9Nq1hc/YozdzPx/Kg+rOWAWULNLSNW4YmlsrvPTUt4Lyy+4jbcDQ=="
      },
      "runtime.native.System": {
        "type": "Transitive",
        "resolved": "4.3.0",
        "contentHash": "E9xlkqG585w6SCwdK/ux1hX2IWQytzOsC+p7xOg96xwbmZGFaip9L7ZAmAgcrblxb4L9vSG989B3/FpPN04g6Q==",
        "dependencies": {
          "Microsoft.NETCore.Platforms": "1.1.0",
          "Microsoft.NETCore.Targets": "1.1.0"
        }
      },
      "runtime.native.System.IO.Compression": {
        "type": "Transitive",
        "resolved": "4.3.0",
        "contentHash": "cnTHOmqPsBppX1wJsAIf+hwEoXnLKiSFgpZjo5si53h0tfEaCxUVBexqxDc540BRpAdbFRXobyKmqomsABSWrA==",
        "dependencies": {
          "Microsoft.NETCore.Platforms": "1.1.0",
          "Microsoft.NETCore.Targets": "1.1.0"
        }
      },
      "runtime.native.System.Net.Http": {
        "type": "Transitive",
        "resolved": "4.3.0",
        "contentHash": "rrZg2dqSwhVkRdBkysjn4XZx10fCOYWPos3UHlS4bve9l5wv2pIsoEBQWJy1aXLeYmR/m7i9q3M2+J34OZoXvg==",
        "dependencies": {
          "Microsoft.NETCore.Platforms": "1.1.0",
          "Microsoft.NETCore.Targets": "1.1.0"
        }
      },
      "runtime.native.System.Security.Cryptography.Apple": {
        "type": "Transitive",
        "resolved": "4.3.0",
        "contentHash": "cdcyvTFCH7O70EPBqmSybwo65udbjTc8FgkUsaoA3kAbjc4jFZbJTnFNnmnKs7q3L3UuowzgaxwxOXs+l7BUYg==",
        "dependencies": {
          "runtime.osx.10.10-x64.runtime.native.System.Security.Cryptography.Apple": "4.3.0"
        }
      },
      "runtime.native.System.Security.Cryptography.OpenSsl": {
        "type": "Transitive",
        "resolved": "4.3.0",
        "contentHash": "+7Ka+cDPiDdj843V7Phzp9fk7ZD9edoFkIuDiMr5qhU+BCCpuVSz5o1VoCSTIli2w4EIHUxRjTXc2mGn4vjx2A==",
        "dependencies": {
          "runtime.debian.8-x64.runtime.native.System.Security.Cryptography.OpenSsl": "4.3.0",
          "runtime.fedora.23-x64.runtime.native.System.Security.Cryptography.OpenSsl": "4.3.0",
          "runtime.fedora.24-x64.runtime.native.System.Security.Cryptography.OpenSsl": "4.3.0",
          "runtime.opensuse.13.2-x64.runtime.native.System.Security.Cryptography.OpenSsl": "4.3.0",
          "runtime.opensuse.42.1-x64.runtime.native.System.Security.Cryptography.OpenSsl": "4.3.0",
          "runtime.osx.10.10-x64.runtime.native.System.Security.Cryptography.OpenSsl": "4.3.0",
          "runtime.rhel.7-x64.runtime.native.System.Security.Cryptography.OpenSsl": "4.3.0",
          "runtime.ubuntu.14.04-x64.runtime.native.System.Security.Cryptography.OpenSsl": "4.3.0",
          "runtime.ubuntu.16.04-x64.runtime.native.System.Security.Cryptography.OpenSsl": "4.3.0",
          "runtime.ubuntu.16.10-x64.runtime.native.System.Security.Cryptography.OpenSsl": "4.3.0"
        }
      },
      "runtime.opensuse.13.2-x64.runtime.native.System.Security.Cryptography.OpenSsl": {
        "type": "Transitive",
        "resolved": "4.3.0",
        "contentHash": "cpSnYzco3awKD/EZzANi00MhfJ237xfBInXn2cWO9C61iQxYkjJqPNl/kgAxjIRFa6mQZnXx9nk5QiOUCZ7AsQ=="
      },
      "runtime.opensuse.42.1-x64.runtime.native.System.Security.Cryptography.OpenSsl": {
        "type": "Transitive",
        "resolved": "4.3.0",
        "contentHash": "/wP3yNFQk1sA0XmyVmdmd0UfmkuhIoLjdkRzengeEvlIV8W3qLkAGUqNCv1WaML5Hn1h13Ph7ZyLvdyLxi33KQ=="
      },
      "runtime.osx.10.10-x64.runtime.native.System.Security.Cryptography.Apple": {
        "type": "Transitive",
        "resolved": "4.3.0",
        "contentHash": "MGgoDdJB9pX5Qw+dRVT0w7xXVv6FlKHsMA1+zIi4L9azUrCDU/MaNlO6vQpX7Fs0CioTuz/yBRFMdFUw1EiiEA=="
      },
      "runtime.osx.10.10-x64.runtime.native.System.Security.Cryptography.OpenSsl": {
        "type": "Transitive",
        "resolved": "4.3.0",
        "contentHash": "kFaSpFA/llM4sNiZCbAAUtUidBRVmOV3y062vjfGS3KzscMSi4ybPIz6VyZdhV4pqANdWWGjyFIlbDiAlu66Dg=="
      },
      "runtime.rhel.7-x64.runtime.native.System.Security.Cryptography.OpenSsl": {
        "type": "Transitive",
        "resolved": "4.3.0",
        "contentHash": "Jkf/ggjCPAIpSck33tQswB5wwazTOemG5/56RBgh6/FbCUfuty1nHErKDpfdRbsi/+pKw1p/YZtZLk4ufn0RUA=="
      },
      "runtime.ubuntu.14.04-x64.runtime.native.System.Security.Cryptography.OpenSsl": {
        "type": "Transitive",
        "resolved": "4.3.0",
        "contentHash": "6dYClwmY/OleFprAr1PNiCcskSUtCED+gdOINfUov1cva/cnkJEPGarzZue+mzM0OdAyrVkPJ0wGacTDRCdeng=="
      },
      "runtime.ubuntu.16.04-x64.runtime.native.System.Security.Cryptography.OpenSsl": {
        "type": "Transitive",
        "resolved": "4.3.0",
        "contentHash": "n6pUu34BsjAq7T/OmRLQxBVI8uFRbMQaJLjBWcTm1mKGJtJJ642fRGeq1RWbEtESQV4a2I2o0wgczuBP6AKLZQ=="
      },
      "runtime.ubuntu.16.10-x64.runtime.native.System.Security.Cryptography.OpenSsl": {
        "type": "Transitive",
        "resolved": "4.3.0",
        "contentHash": "fzPlLgWX07ScI+UpGlrV9gC/eswZW4GUUPcwsmdFQwf4A9YkgmHPsoWFJTRNqJXqaM1y6RPgDOPW/z6e8yvheg=="
      },
      "Serilog": {
        "type": "Transitive",
        "resolved": "2.7.1",
        "contentHash": "5eS6AD4hesOYvlwYqjntLaOonDnEiY22QiMUKueJHPrm5vm1k4tzXgOgCb2mJoMnj6l5Wt6AXV5liXzXymvarg==",
        "dependencies": {
          "NETStandard.Library": "1.6.1",
          "System.Collections.NonGeneric": "4.3.0"
        }
      },
      "Superpower": {
        "type": "Transitive",
        "resolved": "2.0.0",
        "contentHash": "LvsFRxO7VJuUXiaIr3agLuTQTCVYtzgmGJ4BiNe4/DKplOMZ4pibpVSg1ON5zXdCci1jYNfRgQlNEKv0d0Kcog==",
        "dependencies": {
          "NETStandard.Library": "1.6.0"
        }
      },
      "System.AppContext": {
        "type": "Transitive",
        "resolved": "4.3.0",
        "contentHash": "uYQS7C+eF9DQCOBnCSHZfbfReC4Ra5j3/WHHnvJg/s8p4ljAkltwC3tNYZcY3sIuL2PsV+Xirk4s027Hio5HNw==",
        "dependencies": {
          "System.Runtime": "4.3.0"
        }
      },
      "System.Buffers": {
        "type": "Transitive",
        "resolved": "4.3.0",
        "contentHash": "9h8OgarXzVdSJy31RMzCTh4mljfDzb/3Pn0pUrFo+JPMb54ZErkMhGlqKzOBnEK0f7iq67J+pKiUvt2HS08Y+Q==",
        "dependencies": {
          "System.Diagnostics.Debug": "4.3.0",
          "System.Diagnostics.Tracing": "4.3.0",
          "System.Resources.ResourceManager": "4.3.0",
          "System.Runtime": "4.3.0",
          "System.Threading": "4.3.0"
        }
      },
      "System.Collections": {
        "type": "Transitive",
        "resolved": "4.3.0",
        "contentHash": "atU22U5Gna2eRDGIeecbfOZwzl154fO4bvLvyotQ3IgONU8rtA/buzi+WQk3xt2QjbMSCNezr8NDE5OGbQpyBw==",
        "dependencies": {
          "Microsoft.NETCore.Platforms": "1.1.0",
          "Microsoft.NETCore.Targets": "1.1.0",
          "System.Runtime": "4.3.0"
        }
      },
      "System.Collections.Concurrent": {
        "type": "Transitive",
        "resolved": "4.3.0",
        "contentHash": "jcSax8AnG2g1A0Jw+gEXfP1+OosW53kJyx1bRe7OKILQ6/rALQ83OAfrO3DjU0zD4lnnjHLkU1juEMWheCTmMA==",
        "dependencies": {
          "System.Collections": "4.3.0",
          "System.Diagnostics.Debug": "4.3.0",
          "System.Diagnostics.Tracing": "4.3.0",
          "System.Globalization": "4.3.0",
          "System.Reflection": "4.3.0",
          "System.Resources.ResourceManager": "4.3.0",
          "System.Runtime": "4.3.0",
          "System.Runtime.Extensions": "4.3.0",
          "System.Threading": "4.3.0",
          "System.Threading.Tasks": "4.3.0"
        }
      },
      "System.Collections.NonGeneric": {
        "type": "Transitive",
        "resolved": "4.3.0",
        "contentHash": "ih+VJRU0jFo8N9jm7m/70+mntvhbVQ+ZodOOQCwA6a93NxNnwSzfce8O6FTu1jusK3pxzvvuQnWVqm91N+EHAA==",
        "dependencies": {
          "System.Diagnostics.Debug": "4.3.0",
          "System.Globalization": "4.3.0",
          "System.Resources.ResourceManager": "4.3.0",
          "System.Runtime": "4.3.0",
          "System.Runtime.Extensions": "4.3.0",
          "System.Threading": "4.3.0"
        }
      },
      "System.Console": {
        "type": "Transitive",
        "resolved": "4.3.0",
        "contentHash": "EsFKXFfjAXt8bXkr5ovipLlD60QRbbkhYd510HUfK4z5SDYCSjqh+Dvqun8aN5huW1j9ULwD47dDkG7+Hy1wKg==",
        "dependencies": {
          "Microsoft.NETCore.Platforms": "1.1.0",
          "Microsoft.NETCore.Targets": "1.1.0",
          "System.IO": "4.3.0",
          "System.Runtime": "4.3.0",
          "System.Text.Encoding": "4.3.0"
        }
      },
      "System.Diagnostics.Debug": {
        "type": "Transitive",
        "resolved": "4.3.0",
        "contentHash": "3GODYepYi4RPlY06qdDOxvW/sp4O2plGIFvJH35PKTJtSx2gZlEXPD4uh0aHz8b3qihvHMg1Go/gcFsocATqUQ==",
        "dependencies": {
          "Microsoft.NETCore.Platforms": "1.1.0",
          "Microsoft.NETCore.Targets": "1.1.0",
          "System.Runtime": "4.3.0"
        }
      },
      "System.Diagnostics.DiagnosticSource": {
        "type": "Transitive",
        "resolved": "4.3.0",
        "contentHash": "ZXjtqC28PzuN6jGE6bNNO1fkfq27qqF5rKbULcxltBR4G7WP/flSBrCLdQ8cO0PZZXBpn75K0rQOHNVKFLflRQ==",
        "dependencies": {
          "System.Collections": "4.3.0",
          "System.Diagnostics.Tracing": "4.3.0",
          "System.Reflection": "4.3.0",
          "System.Runtime": "4.3.0",
          "System.Threading": "4.3.0"
        }
      },
      "System.Diagnostics.Tools": {
        "type": "Transitive",
        "resolved": "4.3.0",
        "contentHash": "JcPk6ZyZE6iGOXMSWs+r3EzWcsWoPEsN6cZZyDCHyNf5S2ojkA2KoHNZUMk2TNgldovoDzMi/kX5Jerpfeh7Ag==",
        "dependencies": {
          "Microsoft.NETCore.Platforms": "1.1.0",
          "Microsoft.NETCore.Targets": "1.1.0",
          "System.Runtime": "4.3.0"
        }
      },
      "System.Diagnostics.Tracing": {
        "type": "Transitive",
        "resolved": "4.3.0",
        "contentHash": "0uA2bsnY2ea/SPDkOE9Ltcn2MTYudj8ey3/y760xZ3srfLNSbhhkwog8D9XtdJZ35apNLx6WBSw4vWaiqhpTfg==",
        "dependencies": {
          "Microsoft.NETCore.Platforms": "1.1.0",
          "Microsoft.NETCore.Targets": "1.1.0",
          "System.Runtime": "4.3.0"
        }
      },
      "System.Dynamic.Runtime": {
        "type": "Transitive",
        "resolved": "4.0.11",
        "contentHash": "Qv3uZOZ8fEXjVZJ/Fl2fWBVuNy8OeHtXtQIb1X+vwtki5hSqTG67ja3EA8cwzeFx/Y3WUIiRLUkPOLw1ga04Rg==",
        "dependencies": {
          "System.Collections": "4.0.11",
          "System.Diagnostics.Debug": "4.0.11",
          "System.Globalization": "4.0.11",
          "System.Linq": "4.1.0",
          "System.Linq.Expressions": "4.1.0",
          "System.ObjectModel": "4.0.12",
          "System.Reflection": "4.1.0",
          "System.Reflection.Emit": "4.0.1",
          "System.Reflection.Emit.ILGeneration": "4.0.1",
          "System.Reflection.Primitives": "4.0.1",
          "System.Reflection.TypeExtensions": "4.1.0",
          "System.Resources.ResourceManager": "4.0.1",
          "System.Runtime": "4.1.0",
          "System.Runtime.Extensions": "4.1.0",
          "System.Threading": "4.0.11"
        }
      },
      "System.Globalization": {
        "type": "Transitive",
        "resolved": "4.3.0",
        "contentHash": "Mss4VCdDPJ0UeASWEQm+h2BpPn1gNcZotf73nX4B8+KDYUnZGLlMHvy919n/8q3jMlJMBOuuYqI4K8a+vqU6Uw==",
        "dependencies": {
          "Microsoft.NETCore.Platforms": "1.1.0",
          "Microsoft.NETCore.Targets": "1.1.0",
          "System.Runtime": "4.3.0"
        }
      },
      "System.Globalization.Calendars": {
        "type": "Transitive",
        "resolved": "4.3.0",
        "contentHash": "MsK2Y54PVmzvZOCxn/xYeniBDxoAWmis9rOUHZLUcfxZjps9TwTbrdzG0XDaMJkrxtr577TDLe6HN8UcVcucfg==",
        "dependencies": {
          "Microsoft.NETCore.Platforms": "1.1.0",
          "Microsoft.NETCore.Targets": "1.1.0",
          "System.Globalization": "4.3.0",
          "System.Runtime": "4.3.0"
        }
      },
      "System.Globalization.Extensions": {
        "type": "Transitive",
        "resolved": "4.3.0",
        "contentHash": "/OW290Rz84cQRC0VrPe9OcVcy4ujyDVVwvXd3DEJO+Rw5EirWEkJidBBLYzzCZM3KQNIJUnDJCYvnnKQeglogA==",
        "dependencies": {
          "Microsoft.NETCore.Platforms": "1.1.0",
          "System.Globalization": "4.3.0",
          "System.Resources.ResourceManager": "4.3.0",
          "System.Runtime": "4.3.0",
          "System.Runtime.Extensions": "4.3.0",
          "System.Runtime.InteropServices": "4.3.0"
        }
      },
      "System.IO": {
        "type": "Transitive",
        "resolved": "4.3.0",
        "contentHash": "E9+9FF1GgpDP74rJSV0+O0fGiMoGnh79Q1AoHaiP7sgy4/FcEAyh+b9O+lHKk6Y42dHWolCvPF87cvjoTXPK6g==",
        "dependencies": {
          "Microsoft.NETCore.Platforms": "1.1.0",
          "Microsoft.NETCore.Targets": "1.1.0",
          "System.Runtime": "4.3.0",
          "System.Text.Encoding": "4.3.0",
          "System.Threading.Tasks": "4.3.0"
        }
      },
      "System.IO.Compression": {
        "type": "Transitive",
        "resolved": "4.3.0",
        "contentHash": "8iB9Lkyy0H5HEQ0mikaVOJ75ShqqkrVWiofa51NyGaBTEAWWGNAr6kxBzf4NQdXjmQg8iR2FjZUU7m15s7f1jw==",
        "dependencies": {
          "Microsoft.NETCore.Platforms": "1.1.0",
          "System.Buffers": "4.3.0",
          "System.Collections": "4.3.0",
          "System.Diagnostics.Debug": "4.3.0",
          "System.IO": "4.3.0",
          "System.Resources.ResourceManager": "4.3.0",
          "System.Runtime": "4.3.0",
          "System.Runtime.Extensions": "4.3.0",
          "System.Runtime.Handles": "4.3.0",
          "System.Runtime.InteropServices": "4.3.0",
          "System.Text.Encoding": "4.3.0",
          "System.Threading": "4.3.0",
          "System.Threading.Tasks": "4.3.0",
          "runtime.native.System": "4.3.0",
          "runtime.native.System.IO.Compression": "4.3.0"
        }
      },
      "System.IO.Compression.ZipFile": {
        "type": "Transitive",
        "resolved": "4.3.0",
        "contentHash": "KPha0fApylN3y6In98nf5jWBjO8dfrxhoSX6CNe7ZFYWNR/kvRWf6EBSI3loNrM6AMz71DdDO+VYSKSeO3GDuA==",
        "dependencies": {
          "System.Buffers": "4.3.0",
          "System.IO": "4.3.0",
          "System.IO.Compression": "4.3.0",
          "System.IO.FileSystem": "4.3.0",
          "System.IO.FileSystem.Primitives": "4.3.0",
          "System.Resources.ResourceManager": "4.3.0",
          "System.Runtime": "4.3.0",
          "System.Runtime.Extensions": "4.3.0",
          "System.Text.Encoding": "4.3.0"
        }
      },
      "System.IO.FileSystem": {
        "type": "Transitive",
        "resolved": "4.3.0",
        "contentHash": "ToFS8lk8gXo4KE+ncs8MHuLvG0daccnalYqPY+da8AkXNkIVha8KdSqZEvm+0aEUYODJAMtIvvIWIc6Uqb+Skg==",
        "dependencies": {
          "Microsoft.NETCore.Platforms": "1.1.0",
          "Microsoft.NETCore.Targets": "1.1.0",
          "System.IO": "4.3.0",
          "System.IO.FileSystem.Primitives": "4.3.0",
          "System.Runtime": "4.3.0",
          "System.Runtime.Handles": "4.3.0",
          "System.Text.Encoding": "4.3.0",
          "System.Threading.Tasks": "4.3.0"
        }
      },
      "System.IO.FileSystem.Primitives": {
        "type": "Transitive",
        "resolved": "4.3.0",
        "contentHash": "QeC3Q7vaJB3NgDEHuyXoF8vG/tyYsP/3uate0GMtJh4dScw7iSrPvR/w3AAlh4L2l4/MCNUn9p7KZzJTJ5AKyg==",
        "dependencies": {
          "System.Runtime": "4.3.0"
        }
      },
      "System.Linq": {
        "type": "Transitive",
        "resolved": "4.3.0",
        "contentHash": "mbFdM9Ky4iMTtkJ5+m05V+QydtQdUfLuSMVODIne+VrhHzG4vN5jYZOokB2AuBrgpea9MdLoBb4840sSo9xuhA==",
        "dependencies": {
          "System.Collections": "4.3.0",
          "System.Diagnostics.Debug": "4.3.0",
          "System.Resources.ResourceManager": "4.3.0",
          "System.Runtime": "4.3.0",
          "System.Runtime.Extensions": "4.3.0"
        }
      },
      "System.Linq.Expressions": {
        "type": "Transitive",
        "resolved": "4.3.0",
        "contentHash": "Q/BtfOLnmJBno/9CKfsl56AQa3w/UTAmhO5Cl717caeqE9DVzJSVa+Myh78ejuIOKdXNn9nCrh6Sf517FUEl4w==",
        "dependencies": {
          "System.Collections": "4.3.0",
          "System.Diagnostics.Debug": "4.3.0",
          "System.Globalization": "4.3.0",
          "System.IO": "4.3.0",
          "System.Linq": "4.3.0",
          "System.ObjectModel": "4.3.0",
          "System.Reflection": "4.3.0",
          "System.Reflection.Emit": "4.3.0",
          "System.Reflection.Emit.ILGeneration": "4.3.0",
          "System.Reflection.Emit.Lightweight": "4.3.0",
          "System.Reflection.Extensions": "4.3.0",
          "System.Reflection.Primitives": "4.3.0",
          "System.Reflection.TypeExtensions": "4.3.0",
          "System.Resources.ResourceManager": "4.3.0",
          "System.Runtime": "4.3.0",
          "System.Runtime.Extensions": "4.3.0",
          "System.Threading": "4.3.0"
        }
      },
      "System.Net.Http": {
        "type": "Transitive",
        "resolved": "4.3.0",
        "contentHash": "a8Ky1XTdhLY/H8RSuNybmhvileTk3/gTa2ooBrIQ1xwkpFyYgTAl5+5krLruBI+sL2/VVGiNzb6LjfN4dqtP/g==",
        "dependencies": {
          "Microsoft.NETCore.Platforms": "1.1.0",
          "System.Collections": "4.3.0",
          "System.Diagnostics.Debug": "4.3.0",
          "System.Diagnostics.DiagnosticSource": "4.3.0",
          "System.Diagnostics.Tracing": "4.3.0",
          "System.Globalization": "4.3.0",
          "System.Globalization.Extensions": "4.3.0",
          "System.IO": "4.3.0",
          "System.IO.FileSystem": "4.3.0",
          "System.Net.Primitives": "4.3.0",
          "System.Resources.ResourceManager": "4.3.0",
          "System.Runtime": "4.3.0",
          "System.Runtime.Extensions": "4.3.0",
          "System.Runtime.Handles": "4.3.0",
          "System.Runtime.InteropServices": "4.3.0",
          "System.Security.Cryptography.Algorithms": "4.3.0",
          "System.Security.Cryptography.Encoding": "4.3.0",
          "System.Security.Cryptography.OpenSsl": "4.3.0",
          "System.Security.Cryptography.Primitives": "4.3.0",
          "System.Security.Cryptography.X509Certificates": "4.3.0",
          "System.Text.Encoding": "4.3.0",
          "System.Threading": "4.3.0",
          "System.Threading.Tasks": "4.3.0",
          "runtime.native.System": "4.3.0",
          "runtime.native.System.Net.Http": "4.3.0",
          "runtime.native.System.Security.Cryptography.OpenSsl": "4.3.0"
        }
      },
      "System.Net.Primitives": {
        "type": "Transitive",
        "resolved": "4.3.0",
        "contentHash": "5dqUAsyuJdnHhFR7X2g9lXUILH6HfC7rZkp26fMubG/g5qFs03Qpr/gtJNmRbtGUu3klO5Ch/pIZZZmbpBReEA==",
        "dependencies": {
          "Microsoft.NETCore.Platforms": "1.1.0",
          "Microsoft.NETCore.Targets": "1.1.0",
          "System.Runtime": "4.3.0",
          "System.Runtime.Handles": "4.3.0"
        }
      },
      "System.Net.Sockets": {
        "type": "Transitive",
        "resolved": "4.3.0",
        "contentHash": "0lS/e1UIwu4EWed/VbukYlG2wSAEuvON5MA3SYZYMXmV8ZOF111lrJ8BAWbpK1G7fD8tvh2IREWuDqD84eJJYA==",
        "dependencies": {
          "Microsoft.NETCore.Platforms": "1.1.0",
          "Microsoft.NETCore.Targets": "1.1.0",
          "System.IO": "4.3.0",
          "System.Net.Primitives": "4.3.0",
          "System.Runtime": "4.3.0",
          "System.Threading.Tasks": "4.3.0"
        }
      },
      "System.ObjectModel": {
        "type": "Transitive",
        "resolved": "4.3.0",
        "contentHash": "OtdolIBRRsdY6u97/lO1cauzEKHOcsFl8r4gkMfiV1SYkiQMhpfQdcLNbViuvzRD6vE9xpQqQPyAfinu7A53wg==",
        "dependencies": {
          "System.Collections": "4.3.0",
          "System.Diagnostics.Debug": "4.3.0",
          "System.Resources.ResourceManager": "4.3.0",
          "System.Runtime": "4.3.0",
          "System.Threading": "4.3.0"
        }
      },
      "System.Reflection": {
        "type": "Transitive",
        "resolved": "4.3.0",
        "contentHash": "Iq2Lejw8RS4xHZqqsH2A3h/ZJlwbQ0F52MR98vJYf3j0rK9TXZ6bQijvzIzpLMxYni66+Loe/fmBFl1Ea5B+Yw==",
        "dependencies": {
          "Microsoft.NETCore.Platforms": "1.1.0",
          "Microsoft.NETCore.Targets": "1.1.0",
          "System.IO": "4.3.0",
          "System.Reflection.Primitives": "4.3.0",
          "System.Runtime": "4.3.0"
        }
      },
      "System.Reflection.Emit": {
        "type": "Transitive",
        "resolved": "4.3.0",
        "contentHash": "cr+nQDR3zoXhBe0DpzFq746YNBw/8IxNpVCi1Cta/WTWjfUB/27hdk7QsrkSCN4wmH7ilhy82JlHFSH71Z6q2w==",
        "dependencies": {
          "System.IO": "4.3.0",
          "System.Reflection": "4.3.0",
          "System.Reflection.Emit.ILGeneration": "4.3.0",
          "System.Reflection.Primitives": "4.3.0",
          "System.Runtime": "4.3.0"
        }
      },
      "System.Reflection.Emit.ILGeneration": {
        "type": "Transitive",
        "resolved": "4.3.0",
        "contentHash": "2DMk2ZYdHO6McaPiBeIqzPYxXTaXePIo7Co9YmIaxK3fwlOkxAbWRNZRaWJ2i/gCclMXCVlUmqmanr50veoTlA==",
        "dependencies": {
          "System.Reflection": "4.3.0",
          "System.Reflection.Primitives": "4.3.0",
          "System.Runtime": "4.3.0"
        }
      },
      "System.Reflection.Emit.Lightweight": {
        "type": "Transitive",
        "resolved": "4.3.0",
        "contentHash": "/Cz1G5oISQPT2kTjSD57+Vc3NAGm5v2MgGq6dPMnTpy+27kc3xMVUiu5LZSgTvkfl2NmPuHJvlb4DtwDu8IMuw==",
        "dependencies": {
          "System.Reflection": "4.3.0",
          "System.Reflection.Emit.ILGeneration": "4.3.0",
          "System.Reflection.Primitives": "4.3.0",
          "System.Runtime": "4.3.0"
        }
      },
      "System.Reflection.Extensions": {
        "type": "Transitive",
        "resolved": "4.3.0",
        "contentHash": "Mujb+olWURUsw6g7CwXGnYElOaxQ/yXm4IqckuPBuxrAw8EiNQSl2OtCN8/RyYRrGVUYDfajTT0caWdu2GoA3g==",
        "dependencies": {
          "Microsoft.NETCore.Platforms": "1.1.0",
          "Microsoft.NETCore.Targets": "1.1.0",
          "System.Reflection": "4.3.0",
          "System.Runtime": "4.3.0"
        }
      },
      "System.Reflection.Primitives": {
        "type": "Transitive",
        "resolved": "4.3.0",
        "contentHash": "QSxgo7NrWMzti2+38uiX9dp6ubRj+rkQJqEgOY6Aq0C8Vah63+2lrYA4wTuzeWo6g2WfFGUafw7OEMtTvgSyBQ==",
        "dependencies": {
          "Microsoft.NETCore.Platforms": "1.1.0",
          "Microsoft.NETCore.Targets": "1.1.0",
          "System.Runtime": "4.3.0"
        }
      },
      "System.Reflection.TypeExtensions": {
        "type": "Transitive",
        "resolved": "4.3.0",
        "contentHash": "rgRVvHW9QZWTzEUNthiSkcV65HaSCmWdd7jOfa8E7163Lx+n74kASfiMgL8k4oamlLHscUCN/gXaQYceHozomw==",
        "dependencies": {
          "System.Reflection": "4.3.0",
          "System.Runtime": "4.3.0"
        }
      },
      "System.Resources.ResourceManager": {
        "type": "Transitive",
        "resolved": "4.3.0",
        "contentHash": "lNAeEjwHEkWfOSPpQRVjGGmF7cTNtAIVZKYQGI/18UQGS3/0cNFw38aZJwCEasMvJLUdJ4WC1g7anNPWBil6Hg==",
        "dependencies": {
          "Microsoft.NETCore.Platforms": "1.1.0",
          "Microsoft.NETCore.Targets": "1.1.0",
          "System.Globalization": "4.3.0",
          "System.Reflection": "4.3.0",
          "System.Runtime": "4.3.0"
        }
      },
      "System.Runtime": {
        "type": "Transitive",
        "resolved": "4.3.0",
        "contentHash": "BjiBictFEM8ScqZmaz4L5c/wEzUPHMEWQVk62YaS/+h20V7LRnSaQY9TW+QBj7ldc0+xJqdR9XURVLU9ESxy3A==",
        "dependencies": {
          "Microsoft.NETCore.Platforms": "1.1.0",
          "Microsoft.NETCore.Targets": "1.1.0"
        }
      },
      "System.Runtime.Extensions": {
        "type": "Transitive",
        "resolved": "4.3.0",
        "contentHash": "6Ot6Qi4Y0UJXVyOOAZ4pZ/E9RAo/zqlBhnUbKlcylfH0knWjpTXUMmGb2mjbHSzpG9FVzx03Y3pDYsU4nEm6SQ==",
        "dependencies": {
          "Microsoft.NETCore.Platforms": "1.1.0",
          "Microsoft.NETCore.Targets": "1.1.0",
          "System.Runtime": "4.3.0"
        }
      },
      "System.Runtime.Handles": {
        "type": "Transitive",
        "resolved": "4.3.0",
        "contentHash": "14aPDV5ZO9lwvxaUxK8iUJ2WTM6c7fnKyZ7g8q2gp6H7P5HiSC4BIl7PEeQGsydsW0PQSXeq8jziTzuffaQlHA==",
        "dependencies": {
          "Microsoft.NETCore.Platforms": "1.1.0",
          "Microsoft.NETCore.Targets": "1.1.0",
          "System.Runtime": "4.3.0"
        }
      },
      "System.Runtime.InteropServices": {
        "type": "Transitive",
        "resolved": "4.3.0",
        "contentHash": "chRD2/jCsoGPowO+/chgeZfnGxCqCBYNVvKSUZUR2zuxhX3X7RYvEq9sqvZq839SrC+3J911/eKFMt8Bul32UA==",
        "dependencies": {
          "Microsoft.NETCore.Platforms": "1.1.0",
          "Microsoft.NETCore.Targets": "1.1.0",
          "System.Reflection": "4.3.0",
          "System.Reflection.Primitives": "4.3.0",
          "System.Runtime": "4.3.0",
          "System.Runtime.Handles": "4.3.0"
        }
      },
      "System.Runtime.InteropServices.RuntimeInformation": {
        "type": "Transitive",
        "resolved": "4.3.0",
        "contentHash": "/rC5Gax/kG/3AhT26aCpn/F0ZnnlcIutrccIU3hhumQIHEDlkKkYJ+EfSNPCdUIcggXll5uM0H5PtRVJFbawBg==",
        "dependencies": {
          "System.Reflection": "4.3.0",
          "System.Reflection.Extensions": "4.3.0",
          "System.Resources.ResourceManager": "4.3.0",
          "System.Runtime": "4.3.0",
          "System.Runtime.InteropServices": "4.3.0",
          "System.Threading": "4.3.0",
          "runtime.native.System": "4.3.0"
        }
      },
      "System.Runtime.Numerics": {
        "type": "Transitive",
        "resolved": "4.3.0",
        "contentHash": "6NHuTJMwvrgam7opekZiJ42Tr7ObolFJrefaejnX5UVPMCP3D3Yz3WRL73xiaO6Yw29Eiw8ld+MRzHc/2oMppA==",
        "dependencies": {
          "System.Globalization": "4.3.0",
          "System.Resources.ResourceManager": "4.3.0",
          "System.Runtime": "4.3.0",
          "System.Runtime.Extensions": "4.3.0"
        }
      },
      "System.Runtime.Serialization.Primitives": {
        "type": "Transitive",
        "resolved": "4.1.1",
        "contentHash": "zn0Q/1nzvvxZDbQFy04eJeb3vQZKKHeWwscAPkjL2FiCRtyrTykGB7UNzpsCzh3rAfDakrtmNELgQ9WdDkNy0w==",
        "dependencies": {
          "System.Resources.ResourceManager": "4.0.1",
          "System.Runtime": "4.1.0"
        }
      },
      "System.Security.Cryptography.Algorithms": {
        "type": "Transitive",
        "resolved": "4.3.0",
        "contentHash": "gt8in5LmtLZMDd+eGdygjEtAoEHG0cNKzmD/4WED8FKVcqov3kw4k6yTd9FT/m6B7zjvi5UjAgX1YaSapIMh2A==",
        "dependencies": {
          "Microsoft.NETCore.Platforms": "1.1.0",
          "System.Collections": "4.3.0",
          "System.IO": "4.3.0",
          "System.Resources.ResourceManager": "4.3.0",
          "System.Runtime": "4.3.0",
          "System.Runtime.Extensions": "4.3.0",
          "System.Runtime.Handles": "4.3.0",
          "System.Runtime.InteropServices": "4.3.0",
          "System.Runtime.Numerics": "4.3.0",
          "System.Security.Cryptography.Encoding": "4.3.0",
          "System.Security.Cryptography.Primitives": "4.3.0",
          "System.Text.Encoding": "4.3.0",
          "runtime.native.System.Security.Cryptography.Apple": "4.3.0",
          "runtime.native.System.Security.Cryptography.OpenSsl": "4.3.0"
        }
      },
      "System.Security.Cryptography.Cng": {
        "type": "Transitive",
        "resolved": "4.3.0",
        "contentHash": "7QwVIqDJz8xkmz3gKSqKkGBebi1WOY/G6ytw7u6PfDyh+Rbhs5gakK2och3hqiL4YNVKFCTCyZIkMXiO6bYNLQ==",
        "dependencies": {
          "Microsoft.NETCore.Platforms": "1.1.0",
          "System.IO": "4.3.0",
          "System.Resources.ResourceManager": "4.3.0",
          "System.Runtime": "4.3.0",
          "System.Runtime.Extensions": "4.3.0",
          "System.Runtime.Handles": "4.3.0",
          "System.Runtime.InteropServices": "4.3.0",
          "System.Security.Cryptography.Algorithms": "4.3.0",
          "System.Security.Cryptography.Encoding": "4.3.0",
          "System.Security.Cryptography.Primitives": "4.3.0",
          "System.Text.Encoding": "4.3.0"
        }
      },
      "System.Security.Cryptography.Csp": {
        "type": "Transitive",
        "resolved": "4.3.0",
        "contentHash": "Ki6VSOys1kFR4XfD0G8hrocsuhTRSbxSU0ncGEySNU1d2P2Tr739D+A0bjGXONkZfVVHp691IU0lO5orYUeiEA==",
        "dependencies": {
          "Microsoft.NETCore.Platforms": "1.1.0",
          "System.IO": "4.3.0",
          "System.Reflection": "4.3.0",
          "System.Resources.ResourceManager": "4.3.0",
          "System.Runtime": "4.3.0",
          "System.Runtime.Extensions": "4.3.0",
          "System.Runtime.Handles": "4.3.0",
          "System.Runtime.InteropServices": "4.3.0",
          "System.Security.Cryptography.Algorithms": "4.3.0",
          "System.Security.Cryptography.Encoding": "4.3.0",
          "System.Security.Cryptography.Primitives": "4.3.0",
          "System.Text.Encoding": "4.3.0",
          "System.Threading": "4.3.0"
        }
      },
      "System.Security.Cryptography.Encoding": {
        "type": "Transitive",
        "resolved": "4.3.0",
        "contentHash": "GVPFGI8D+7gPBl4esTVdBqmpJ4DCP13JnmmyGpbw6B15Rj7fVee5+krBHLw43xFV9gWGFWXWNv81BjcHVzK5WQ==",
        "dependencies": {
          "Microsoft.NETCore.Platforms": "1.1.0",
          "System.Collections": "4.3.0",
          "System.Collections.Concurrent": "4.3.0",
          "System.Linq": "4.3.0",
          "System.Resources.ResourceManager": "4.3.0",
          "System.Runtime": "4.3.0",
          "System.Runtime.Extensions": "4.3.0",
          "System.Runtime.Handles": "4.3.0",
          "System.Runtime.InteropServices": "4.3.0",
          "System.Security.Cryptography.Primitives": "4.3.0",
          "System.Text.Encoding": "4.3.0",
          "runtime.native.System.Security.Cryptography.OpenSsl": "4.3.0"
        }
      },
      "System.Security.Cryptography.OpenSsl": {
        "type": "Transitive",
        "resolved": "4.3.0",
        "contentHash": "COB7z2eZy4KxgDLqoRdnbeIvh+R2nPbLz+y9Qvh7u7nwx094eSU5Q4umErEtA+l+LGGien+tMXdANX7W240YIA==",
        "dependencies": {
          "System.Collections": "4.3.0",
          "System.IO": "4.3.0",
          "System.Resources.ResourceManager": "4.3.0",
          "System.Runtime": "4.3.0",
          "System.Runtime.Extensions": "4.3.0",
          "System.Runtime.Handles": "4.3.0",
          "System.Runtime.InteropServices": "4.3.0",
          "System.Runtime.Numerics": "4.3.0",
          "System.Security.Cryptography.Algorithms": "4.3.0",
          "System.Security.Cryptography.Encoding": "4.3.0",
          "System.Security.Cryptography.Primitives": "4.3.0",
          "System.Text.Encoding": "4.3.0",
          "runtime.native.System.Security.Cryptography.OpenSsl": "4.3.0"
        }
      },
      "System.Security.Cryptography.Primitives": {
        "type": "Transitive",
        "resolved": "4.3.0",
        "contentHash": "6Z7R5f3GzPK6yhGqbjHX/0b9ln3b+E5S2lyoqxsPRw3nMa5HCZa8Xo5ItEbU2Z7EbIFSmtwiUfSso311CPYZng==",
        "dependencies": {
          "System.Diagnostics.Debug": "4.3.0",
          "System.Globalization": "4.3.0",
          "System.IO": "4.3.0",
          "System.Resources.ResourceManager": "4.3.0",
          "System.Runtime": "4.3.0",
          "System.Threading": "4.3.0",
          "System.Threading.Tasks": "4.3.0"
        }
      },
      "System.Security.Cryptography.X509Certificates": {
        "type": "Transitive",
        "resolved": "4.3.0",
        "contentHash": "p16Zb8WA/pd6tzvO4vEv9t0SZmBPJUmlDxsAq2FdfPsKgDLCOU6MBXc1i2JgTovYwiogf+Awz/dA3wa/vDzZeQ==",
        "dependencies": {
          "Microsoft.NETCore.Platforms": "1.1.0",
          "System.Collections": "4.3.0",
          "System.Diagnostics.Debug": "4.3.0",
          "System.Globalization": "4.3.0",
          "System.Globalization.Calendars": "4.3.0",
          "System.IO": "4.3.0",
          "System.IO.FileSystem": "4.3.0",
          "System.IO.FileSystem.Primitives": "4.3.0",
          "System.Resources.ResourceManager": "4.3.0",
          "System.Runtime": "4.3.0",
          "System.Runtime.Extensions": "4.3.0",
          "System.Runtime.Handles": "4.3.0",
          "System.Runtime.InteropServices": "4.3.0",
          "System.Runtime.Numerics": "4.3.0",
          "System.Security.Cryptography.Algorithms": "4.3.0",
          "System.Security.Cryptography.Cng": "4.3.0",
          "System.Security.Cryptography.Csp": "4.3.0",
          "System.Security.Cryptography.Encoding": "4.3.0",
          "System.Security.Cryptography.OpenSsl": "4.3.0",
          "System.Security.Cryptography.Primitives": "4.3.0",
          "System.Text.Encoding": "4.3.0",
          "System.Threading": "4.3.0",
          "runtime.native.System": "4.3.0",
          "runtime.native.System.Net.Http": "4.3.0",
          "runtime.native.System.Security.Cryptography.OpenSsl": "4.3.0"
        }
      },
      "System.Text.Encoding": {
        "type": "Transitive",
        "resolved": "4.3.0",
        "contentHash": "vKGSq2mKxf1jSKrDS414yosboWo8OsigPPCHO7RDoruw92bYhOZ3dwdr5Nq9wNvGZhYCJ3gLpgq8Bgidlg1TiQ==",
        "dependencies": {
          "Microsoft.NETCore.Platforms": "1.1.0",
          "Microsoft.NETCore.Targets": "1.1.0",
          "System.Runtime": "4.3.0"
        }
      },
      "System.Text.Encoding.Extensions": {
        "type": "Transitive",
        "resolved": "4.3.0",
        "contentHash": "llu+7K9MK+k5JPMW2Y2W/SYAtU1DKI6CB+pvryvzQznTLt+6tT0I1xAoRP1qfcGxZN81Utwe+sZFljwehDMM8Q==",
        "dependencies": {
          "Microsoft.NETCore.Platforms": "1.1.0",
          "Microsoft.NETCore.Targets": "1.1.0",
          "System.Runtime": "4.3.0",
          "System.Text.Encoding": "4.3.0"
        }
      },
      "System.Text.RegularExpressions": {
        "type": "Transitive",
        "resolved": "4.3.0",
        "contentHash": "q7eLo6G+Lpy6rWKdHAsIjODziva7VlkRlQcl0Q434In1g8RGkMqP15s+jbNoH+FCgfNKg0AVJ5m4dPAhJ7YUIg==",
        "dependencies": {
          "System.Runtime": "4.3.0"
        }
      },
      "System.Threading": {
        "type": "Transitive",
        "resolved": "4.3.0",
        "contentHash": "RwbcQcwNlvkJm0cf3J7m/89m7S8jI0H2F1yjcq8z5+nb5fQDSmRhpuqwoJFEwAQev5HOHuOAiDoCYZHC417gxg==",
        "dependencies": {
          "System.Runtime": "4.3.0",
          "System.Threading.Tasks": "4.3.0"
        }
      },
      "System.Threading.Tasks": {
        "type": "Transitive",
        "resolved": "4.3.0",
        "contentHash": "GghqhhCQmaBFRCzoaHLA+J0Anb35DsHQRjCiKJ+ZWcJk0KzU017xRZuLQUJJGIiBhXcQ8lsY8S0u932Do1gOdw==",
        "dependencies": {
          "Microsoft.NETCore.Platforms": "1.1.0",
          "Microsoft.NETCore.Targets": "1.1.0",
          "System.Runtime": "4.3.0"
        }
      },
      "System.Threading.Tasks.Extensions": {
        "type": "Transitive",
        "resolved": "4.3.0",
        "contentHash": "Hlli0R8P8tDqxDHYlToN0BAzdV6mbfgWW4jAdBauxtGQBgFh7pjDdK+tTylG6nMGjz0Ncbb0F2seuT8b7OLanQ==",
        "dependencies": {
          "System.Collections": "4.3.0",
          "System.Runtime": "4.3.0",
          "System.Threading.Tasks": "4.3.0"
        }
      },
      "System.Threading.Timer": {
        "type": "Transitive",
        "resolved": "4.3.0",
        "contentHash": "oZ4Hygt/7d5rIaOjABaIAARxvRTLB3QOUk0QsQypi4OKTlKtRkaxRWwyLe3VN/mams3McYW9XK/u7HT27k6nKA==",
        "dependencies": {
          "Microsoft.NETCore.Platforms": "1.1.0",
          "Microsoft.NETCore.Targets": "1.1.0",
          "System.Runtime": "4.3.0"
        }
      },
      "System.Xml.ReaderWriter": {
        "type": "Transitive",
        "resolved": "4.3.0",
        "contentHash": "/rZZDxqgcAh3udtog5EXDPmZUvo9Q4UHKs9iNg7WqpdgsjvmDo4Ik0SELxDHw9dF+yuMcDjaGiCwVKJg7VsIyA==",
        "dependencies": {
          "System.Collections": "4.3.0",
          "System.Diagnostics.Debug": "4.3.0",
          "System.Globalization": "4.3.0",
          "System.IO": "4.3.0",
          "System.IO.FileSystem": "4.3.0",
          "System.IO.FileSystem.Primitives": "4.3.0",
          "System.Resources.ResourceManager": "4.3.0",
          "System.Runtime": "4.3.0",
          "System.Runtime.Extensions": "4.3.0",
          "System.Runtime.InteropServices": "4.3.0",
          "System.Text.Encoding": "4.3.0",
          "System.Text.Encoding.Extensions": "4.3.0",
          "System.Text.RegularExpressions": "4.3.0",
          "System.Threading.Tasks": "4.3.0",
          "System.Threading.Tasks.Extensions": "4.3.0"
        }
      },
      "System.Xml.XDocument": {
        "type": "Transitive",
        "resolved": "4.3.0",
        "contentHash": "QjiEfaafkrqYnLhp/HTzOnbcn0FdA2jY9yvXeVZw67QG9uh210qsb8N+fXP3snLn/bCyMqVBt7jfQNeTMTwfmQ==",
        "dependencies": {
          "System.Collections": "4.3.0",
          "System.Diagnostics.Debug": "4.3.0",
          "System.Diagnostics.Tools": "4.3.0",
          "System.Globalization": "4.3.0",
          "System.IO": "4.3.0",
          "System.Reflection": "4.3.0",
          "System.Resources.ResourceManager": "4.3.0",
          "System.Runtime": "4.3.0",
          "System.Runtime.Extensions": "4.3.0",
          "System.Text.Encoding": "4.3.0",
          "System.Threading": "4.3.0",
          "System.Xml.ReaderWriter": "4.3.0"
        }
      }
    }
  }
}